
Microsoft Visual Studio Solution File, Format Version 12.00
# Visual Studio Version 17
VisualStudioVersion = 17.8.34309.116
MinimumVisualStudioVersion = 10.0.40219.1
Project("{FAE04EC0-301F-11D3-BF4B-00C04F79EFBC}") = "FirstConsoleGame", "FirstConsoleGame\FirstConsoleGame.csproj", "{2A6F02E0-84C0-4835-85D6-4B06492EFC14}"
EndProject
Global
	GlobalSection(SolutionConfigurationPlatforms) = preSolution
		Debug|Any CPU = Debug|Any CPU
		Release|Any CPU = Release|Any CPU
	EndGlobalSection
	GlobalSection(ProjectConfigurationPlatforms) = postSolution
		{2A6F02E0-84C0-4835-85D6-4B06492EFC14}.Debug|Any CPU.ActiveCfg = Debug|Any CPU
		{2A6F02E0-84C0-4835-85D6-4B06492EFC14}.Debug|Any CPU.Build.0 = Debug|Any CPU
		{2A6F02E0-84C0-4835-85D6-4B06492EFC14}.Release|Any CPU.ActiveCfg = Release|Any CPU
		{2A6F02E0-84C0-4835-85D6-4B06492EFC14}.Release|Any CPU.Build.0 = Release|Any CPU
	EndGlobalSection
	GlobalSection(SolutionProperties) = preSolution
		HideSolutionNode = FALSE
	EndGlobalSection
	GlobalSection(ExtensibilityGlobals) = postSolution
		SolutionGuid = {079E274F-DA09-406C-9915-6923DB137F9D}
	EndGlobalSection
EndGlobal
